
Microsoft Visual Studio Solution File, Format Version 12.00
# Visual Studio 15
VisualStudioVersion = 15.0.28010.2026
MinimumVisualStudioVersion = 10.0.40219.1
Project("{8BC9CEB8-8B4A-11D0-8D11-00A0C91BC942}") = "NDetect", "NDetect\NDetect.vcxproj", "{CA680AA5-76CB-4CFE-A237-BC8351EEA6FC}"
EndProject
Global
	GlobalSection(SolutionConfigurationPlatforms) = preSolution
		Debug|x64 = Debug|x64
		Debug|x86 = Debug|x86
		Release|x64 = Release|x64
		Release|x86 = Release|x86
	EndGlobalSection
	GlobalSection(ProjectConfigurationPlatforms) = postSolution
		{CA680AA5-76CB-4CFE-A237-BC8351EEA6FC}.Debug|x64.ActiveCfg = Debug|x64
		{CA680AA5-76CB-4CFE-A237-BC8351EEA6FC}.Debug|x64.Build.0 = Debug|x64
		{CA680AA5-76CB-4CFE-A237-BC8351EEA6FC}.Debug|x86.ActiveCfg = Debug|Win32
		{CA680AA5-76CB-4CFE-A237-BC8351EEA6FC}.Debug|x86.Build.0 = Debug|Win32
		{CA680AA5-76CB-4CFE-A237-BC8351EEA6FC}.Release|x64.ActiveCfg = Release|x64
		{CA680AA5-76CB-4CFE-A237-BC8351EEA6FC}.Release|x64.Build.0 = Release|x64
		{CA680AA5-76CB-4CFE-A237-BC8351EEA6FC}.Release|x86.ActiveCfg = Release|Win32
		{CA680AA5-76CB-4CFE-A237-BC8351EEA6FC}.Release|x86.Build.0 = Release|Win32
	EndGlobalSection
	GlobalSection(SolutionProperties) = preSolution
		HideSolutionNode = FALSE
	EndGlobalSection
	GlobalSection(ExtensibilityGlobals) = postSolution
		SolutionGuid = {5650B9C4-CB32-4E4D-A69F-1D9455C1E918}
	EndGlobalSection
EndGlobal
